// !$*UTF8*$!
{
	archiveVersion = 1;
	classes = {
	};
	objectVersion = 46;
	objects = {

/* Begin PBXBuildFile section */
		92241F851CAD1DFD00E0471A /* main.m in Sources */ = {isa = PBXBuildFile; fileRef = 92241F841CAD1DFD00E0471A /* main.m */; };
		92241F881CAD1DFD00E0471A /* AppDelegate.m in Sources */ = {isa = PBXBuildFile; fileRef = 92241F871CAD1DFD00E0471A /* AppDelegate.m */; };
		92241F8B1CAD1DFD00E0471A /* ViewController.m in Sources */ = {isa = PBXBuildFile; fileRef = 92241F8A1CAD1DFD00E0471A /* ViewController.m */; };
		92241F8E1CAD1DFD00E0471A /* Main.storyboard in Resources */ = {isa = PBXBuildFile; fileRef = 92241F8C1CAD1DFD00E0471A /* Main.storyboard */; };
		92241F911CAD1DFD00E0471A /* Masonry__.xcdatamodeld in Sources */ = {isa = PBXBuildFile; fileRef = 92241F8F1CAD1DFD00E0471A /* Masonry__.xcdatamodeld */; };
		92241F931CAD1DFD00E0471A /* Assets.xcassets in Resources */ = {isa = PBXBuildFile; fileRef = 92241F921CAD1DFD00E0471A /* Assets.xcassets */; };
		92241F961CAD1DFD00E0471A /* LaunchScreen.storyboard in Resources */ = {isa = PBXBuildFile; fileRef = 92241F941CAD1DFD00E0471A /* LaunchScreen.storyboard */; };
/* End PBXBuildFile section */

/* Begin PBXFileReference section */
		92241F801CAD1DFD00E0471A /* Masonry学习.app */ = {isa = PBXFileReference; explicitFileType = wrapper.application; includeInIndex = 0; path = "Masonry学习.app"; sourceTree = BUILT_PRODUCTS_DIR; };
		92241F841CAD1DFD00E0471A /* main.m */ = {isa = PBXFileReference; lastKnownFileType = sourcecode.c.objc; path = main.m; sourceTree = "<group>"; };
		92241F861CAD1DFD00E0471A /* AppDelegate.h */ = {isa = PBXFileReference; lastKnownFileType = sourcecode.c.h; path = AppDelegate.h; sourceTree = "<group>"; };
		92241F871CAD1DFD00E0471A /* AppDelegate.m */ = {isa = PBXFileReference; lastKnownFileType = sourcecode.c.objc; path = AppDelegate.m; sourceTree = "<group>"; };
		92241F891CAD1DFD00E0471A /* ViewController.h */ = {isa = PBXFileReference; lastKnownFileType = sourcecode.c.h; path = ViewController.h; sourceTree = "<group>"; };
		92241F8A1CAD1DFD00E0471A /* ViewController.m */ = {isa = PBXFileReference; lastKnownFileType = sourcecode.c.objc; path = ViewController.m; sourceTree = "<group>"; };
		92241F8D1CAD1DFD00E0471A /* Base */ = {isa = PBXFileReference; lastKnownFileType = file.storyboard; name = Base; path = Base.lproj/Main.storyboard; sourceTree = "<group>"; };
		92241F901CAD1DFD00E0471A /* Masonry__.xcdatamodel */ = {isa = PBXFileReference; lastKnownFileType = wrapper.xcdatamodel; path = Masonry__.xcdatamodel; sourceTree = "<group>"; };
		92241F921CAD1DFD00E0471A /* Assets.xcassets */ = {isa = PBXFileReference; lastKnownFileType = folder.assetcatalog; path = Assets.xcassets; sourceTree = "<group>"; };
		92241F951CAD1DFD00E0471A /* Base */ = {isa = PBXFileReference; lastKnownFileType = file.storyboard; name = Base; path = Base.lproj/LaunchScreen.storyboard; sourceTree = "<group>"; };
		92241F971CAD1DFD00E0471A /* Info.plist */ = {isa = PBXFileReference; lastKnownFileType = text.plist.xml; path = Info.plist; sourceTree = "<group>"; };
/* End PBXFileReference section */

/* Begin PBXFrameworksBuildPhase section */
		92241F7D1CAD1DFD00E0471A /* Frameworks */ = {
			isa = PBXFrameworksBuildPhase;
			buildActionMask = 2147483647;
			files = (
			);
			runOnlyForDeploymentPostprocessing = 0;
		};
/* End PBXFrameworksBuildPhase section */

/* Begin PBXGroup section */
		92241F771CAD1DFD00E0471A = {
			isa = PBXGroup;
			children = (
				92241F821CAD1DFD00E0471A /* Masonry学习 */,
				92241F811CAD1DFD00E0471A /* Products */,
			);
			sourceTree = "<group>";
		};
		92241F811CAD1DFD00E0471A /* Products */ = {
			isa = PBXGroup;
			children = (
				92241F801CAD1DFD00E0471A /* Masonry学习.app */,
			);
			name = Products;
			sourceTree = "<group>";
		};
		92241F821CAD1DFD00E0471A /* Masonry学习 */ = {
			isa = PBXGroup;
			children = (
				92241F861CAD1DFD00E0471A /* AppDelegate.h */,
				92241F871CAD1DFD00E0471A /* AppDelegate.m */,
				92241F891CAD1DFD00E0471A /* ViewController.h */,
				92241F8A1CAD1DFD00E0471A /* ViewController.m */,
				92241F8C1CAD1DFD00E0471A /* Main.storyboard */,
				92241F921CAD1DFD00E0471A /* Assets.xcassets */,
				92241F941CAD1DFD00E0471A /* LaunchScreen.storyboard */,
				92241F971CAD1DFD00E0471A /* Info.plist */,
				92241F8F1CAD1DFD00E0471A /* Masonry__.xcdatamodeld */,
				92241F831CAD1DFD00E0471A /* Supporting Files */,
			);
			path = "Masonry学习";
			sourceTree = "<group>";
		};
		92241F831CAD1DFD00E0471A /* Supporting Files */ = {
			isa = PBXGroup;
			children = (
				92241F841CAD1DFD00E0471A /* main.m */,
			);
			name = "Supporting Files";
			sourceTree = "<group>";
		};
/* End PBXGroup section */

/* Begin PBXNativeTarget section */
		92241F7F1CAD1DFD00E0471A /* Masonry学习 */ = {
			isa = PBXNativeTarget;
			buildConfigurationList = 92241F9A1CAD1DFD00E0471A /* Build configuration list for PBXNativeTarget "Masonry学习" */;
			buildPhases = (
				92241F7C1CAD1DFD00E0471A /* Sources */,
				92241F7D1CAD1DFD00E0471A /* Frameworks */,
				92241F7E1CAD1DFD00E0471A /* Resources */,
			);
			buildRules = (
			);
			dependencies = (
			);
			name = "Masonry学习";
			productName = "Masonry学习";
			productReference = 92241F801CAD1DFD00E0471A /* Masonry学习.app */;
			productType = "com.apple.product-type.application";
		};
/* End PBXNativeTarget section */

/* Begin PBXProject section */
		92241F781CAD1DFD00E0471A /* Project object */ = {
			isa = PBXProject;
			attributes = {
				LastUpgradeCheck = 0720;
				ORGANIZATIONNAME = Demo;
				TargetAttributes = {
					92241F7F1CAD1DFD00E0471A = {
						CreatedOnToolsVersion = 7.2;
					};
				};
			};
			buildConfigurationList = 92241F7B1CAD1DFD00E0471A /* Build configuration list for PBXProject "Masonry学习" */;
			compatibilityVersion = "Xcode 3.2";
			developmentRegion = English;
			hasScannedForEncodings = 0;
			knownRegions = (
				en,
				Base,
			);
			mainGroup = 92241F771CAD1DFD00E0471A;
			productRefGroup = 92241F811CAD1DFD00E0471A /* Products */;
			projectDirPath = "";
			projectRoot = "";
			targets = (
				92241F7F1CAD1DFD00E0471A /* Masonry学习 */,
			);
		};
/* End PBXProject section */

/* Begin PBXResourcesBuildPhase section */
		92241F7E1CAD1DFD00E0471A /* Resources */ = {
			isa = PBXResourcesBuildPhase;
			buildActionMask = 2147483647;
			files = (
				92241F961CAD1DFD00E0471A /* LaunchScreen.storyboard in Resources */,
				92241F931CAD1DFD00E0471A /* Assets.xcassets in Resources */,
				92241F8E1CAD1DFD00E0471A /* Main.storyboard in Resources */,
			);
			runOnlyForDeploymentPostprocessing = 0;
		};
/* End PBXResourcesBuildPhase section */

/* Begin PBXSourcesBuildPhase section */
		92241F7C1CAD1DFD00E0471A /* Sources */ = {
			isa = PBXSourcesBuildPhase;
			buildActionMask = 2147483647;
			files = (
				92241F8B1CAD1DFD00E0471A /* ViewController.m in Sources */,
				92241F911CAD1DFD00E0471A /* Masonry__.xcdatamodeld in Sources */,
				92241F881CAD1DFD00E0471A /* AppDelegate.m in Sources */,
				92241F851CAD1DFD00E0471A /* main.m in Sources */,
			);
			runOnlyForDeploymentPostprocessing = 0;
		};
/* End PBXSourcesBuildPhase section */

/* Begin PBXVariantGroup section */
		92241F8C1CAD1DFD00E0471A /* Main.storyboard */ = {
			isa = PBXVariantGroup;
			children = (
				92241F8D1CAD1DFD00E0471A /* Base */,
			);
			name = Main.storyboard;
			sourceTree = "<group>";
		};
		92241F941CAD1DFD00E0471A /* LaunchScreen.storyboard */ = {
			isa = PBXVariantGroup;
			children = (
				92241F951CAD1DFD00E0471A /* Base */,
			);
			name = LaunchScreen.storyboard;
			sourceTree = "<group>";
		};
/* End PBXVariantGroup section */

/* Begin XCBuildConfiguration section */
		92241F981CAD1DFD00E0471A /* Debug */ = {
			isa = XCBuildConfiguration;
			buildSettings = {
				ALWAYS_SEARCH_USER_PATHS = NO;
				CLANG_CXX_LANGUAGE_STANDARD = "gnu++0x";
				CLANG_CXX_LIBRARY = "libc++";
				CLANG_ENABLE_MODULES = YES;
				CLANG_ENABLE_OBJC_ARC = YES;
				CLANG_WARN_BOOL_CONVERSION = YES;
				CLANG_WARN_CONSTANT_CONVERSION = YES;
				CLANG_WARN_DIRECT_OBJC_ISA_USAGE = YES_ERROR;
				CLANG_WARN_EMPTY_BODY = YES;
				CLANG_WARN_ENUM_CONVERSION = YES;
				CLANG_WARN_INT_CONVERSION = YES;
				CLANG_WARN_OBJC_ROOT_CLASS = YES_ERROR;
				CLANG_WARN_UNREACHABLE_CODE = YES;
				CLANG_WARN__DUPLICATE_METHOD_MATCH = YES;
				"CODE_SIGN_IDENTITY[sdk=iphoneos*]" = "iPhone Developer";
				COPY_PHASE_STRIP = NO;
				DEBUG_INFORMATION_FORMAT = dwarf;
				ENABLE_STRICT_OBJC_MSGSEND = YES;
				ENABLE_TESTABILITY = YES;
				GCC_C_LANGUAGE_STANDARD = gnu99;
				GCC_DYNAMIC_NO_PIC = NO;
				GCC_NO_COMMON_BLOCKS = YES;
				GCC_OPTIMIZATION_LEVEL = 0;
				GCC_PREPROCESSOR_DEFINITIONS = (
					"DEBUG=1",
					"$(inherited)",
				);
				GCC_WARN_64_TO_32_BIT_CONVERSION = YES;
				GCC_WARN_ABOUT_RETURN_TYPE = YES_ERROR;
				GCC_WARN_UNDECLARED_SELECTOR = YES;
				GCC_WARN_UNINITIALIZED_AUTOS = YES_AGGRESSIVE;
				GCC_WARN_UNUSED_FUNCTION = YES;
				GCC_WARN_UNUSED_VARIABLE = YES;
				IPHONEOS_DEPLOYMENT_TARGET = 9.2;
				MTL_ENABLE_DEBUG_INFO = YES;
				ONLY_ACTIVE_ARCH = YES;
				SDKROOT = iphoneos;
			};
			name = Debug;
		};
		92241F991CAD1DFD00E0471A /* Release */ = {
			isa = XCBuildConfiguration;
			buildSettings = {
				ALWAYS_SEARCH_USER_PATHS = NO;
				CLANG_CXX_LANGUAGE_STANDARD = "gnu++0x";
				CLANG_CXX_LIBRARY = "libc++";
				CLANG_ENABLE_MODULES = YES;
				CLANG_ENABLE_OBJC_ARC = YES;
				CLANG_WARN_BOOL_CONVERSION = YES;
				CLANG_WARN_CONSTANT_CONVERSION = YES;
				CLANG_WARN_DIRECT_OBJC_ISA_USAGE = YES_ERROR;
				CLANG_WARN_EMPTY_BODY = YES;
				CLANG_WARN_ENUM_CONVERSION = YES;
				CLANG_WARN_INT_CONVERSION = YES;
				CLANG_WARN_OBJC_ROOT_CLASS = YES_ERROR;
				CLANG_WARN_UNREACHABLE_CODE = YES;
				CLANG_WARN__DUPLICATE_METHOD_MATCH = YES;
				"CODE_SIGN_IDENTITY[sdk=iphoneos*]" = "iPhone Developer";
				COPY_PHASE_STRIP = NO;
				DEBUG_INFORMATION_FORMAT = "dwarf-with-dsym";
				ENABLE_NS_ASSERTIONS = NO;
				ENABLE_STRICT_OBJC_MSGSEND = YES;
				GCC_C_LANGUAGE_STANDARD = gnu99;
				GCC_NO_COMMON_BLOCKS = YES;
				GCC_WARN_64_TO_32_BIT_CONVERSION = YES;
				GCC_WARN_ABOUT_RETURN_TYPE = YES_ERROR;
				GCC_WARN_UNDECLARED_SELECTOR = YES;
				GCC_WARN_UNINITIALIZED_AUTOS = YES_AGGRESSIVE;
				GCC_WARN_UNUSED_FUNCTION = YES;
				GCC_WARN_UNUSED_VARIABLE = YES;
				IPHONEOS_DEPLOYMENT_TARGET = 9.2;
				MTL_ENABLE_DEBUG_INFO = NO;
				SDKROOT = iphoneos;
				VALIDATE_PRODUCT = YES;
			};
			name = Release;
		};
		92241F9B1CAD1DFD00E0471A /* Debug */ = {
			isa = XCBuildConfiguration;
			buildSettings = {
				ASSETCATALOG_COMPILER_APPICON_NAME = AppIcon;
				INFOPLIST_FILE = "Masonry学习/Info.plist";
				LD_RUNPATH_SEARCH_PATHS = "$(inherited) @executable_path/Frameworks";
				PRODUCT_BUNDLE_IDENTIFIER = "Lee.AMX.Masonry--";
				PRODUCT_NAME = "$(TARGET_NAME)";
			};
			name = Debug;
		};
		92241F9C1CAD1DFD00E0471A /* Release */ = {
			isa = XCBuildConfiguration;
			buildSettings = {
				ASSETCATALOG_COMPILER_APPICON_NAME = AppIcon;
				INFOPLIST_FILE = "Masonry学习/Info.plist";
				LD_RUNPATH_SEARCH_PATHS = "$(inherited) @executable_path/Frameworks";
				PRODUCT_BUNDLE_IDENTIFIER = "Lee.AMX.Masonry--";
				PRODUCT_NAME = "$(TARGET_NAME)";
			};
			name = Release;
		};
/* End XCBuildConfiguration section */

/* Begin XCConfigurationList section */
		92241F7B1CAD1DFD00E0471A /* Build configuration list for PBXProject "Masonry学习" */ = {
			isa = XCConfigurationList;
			buildConfigurations = (
				92241F981CAD1DFD00E0471A /* Debug */,
				92241F991CAD1DFD00E0471A /* Release */,
			);
			defaultConfigurationIsVisible = 0;
			defaultConfigurationName = Release;
		};
		92241F9A1CAD1DFD00E0471A /* Build configuration list for PBXNativeTarget "Masonry学习" */ = {
			isa = XCConfigurationList;
			buildConfigurations = (
				92241F9B1CAD1DFD00E0471A /* Debug */,
				92241F9C1CAD1DFD00E0471A /* Release */,
			);
			defaultConfigurationIsVisible = 0;
		};
/* End XCConfigurationList section */

/* Begin XCVersionGroup section */
		92241F8F1CAD1DFD00E0471A /* Masonry__.xcdatamodeld */ = {
			isa = XCVersionGroup;
			children = (
				92241F901CAD1DFD00E0471A /* Masonry__.xcdatamodel */,
			);
			currentVersion = 92241F901CAD1DFD00E0471A /* Masonry__.xcdatamodel */;
			path = Masonry__.xcdatamodeld;
			sourceTree = "<group>";
			versionGroupType = wrapper.xcdatamodel;
		};
/* End XCVersionGroup section */
	};
	rootObject = 92241F781CAD1DFD00E0471A /* Project object */;
}
